// !$*UTF8*$!
{
	archiveVersion = 1;
	classes = {
	};
	objectVersion = 54;
	objects = {

/* Begin PBXBuildFile section */
		3F1F7165273D84AE009CE356 /* TrendingViewController.swift in Sources */ = {isa = PBXBuildFile; fileRef = 3F1F7164273D84AE009CE356 /* TrendingViewController.swift */; };
		3F1F7168273D8515009CE356 /* TrendingTopicCollectionViewCell.swift in Sources */ = {isa = PBXBuildFile; fileRef = 3F1F7166273D8515009CE356 /* TrendingTopicCollectionViewCell.swift */; };
		3F1F7169273D8515009CE356 /* TrendingTopicCollectionViewCell.xib in Resources */ = {isa = PBXBuildFile; fileRef = 3F1F7167273D8515009CE356 /* TrendingTopicCollectionViewCell.xib */; };
		3F20FBE42751818400B106C5 /* CountryViewController.swift in Sources */ = {isa = PBXBuildFile; fileRef = 3F20FBE32751818400B106C5 /* CountryViewController.swift */; };
		3F20FBE6275195FA00B106C5 /* countryISO.swift in Sources */ = {isa = PBXBuildFile; fileRef = 3F20FBE5275195FA00B106C5 /* countryISO.swift */; };
		3F20FBE92751A0C800B106C5 /* IsoCountryCodes in Frameworks */ = {isa = PBXBuildFile; productRef = 3F20FBE82751A0C800B106C5 /* IsoCountryCodes */; };
		3F47EDAD273CA31300377BB1 /* AppDelegate.swift in Sources */ = {isa = PBXBuildFile; fileRef = 3F47EDAC273CA31300377BB1 /* AppDelegate.swift */; };
		3F47EDAF273CA31300377BB1 /* SceneDelegate.swift in Sources */ = {isa = PBXBuildFile; fileRef = 3F47EDAE273CA31300377BB1 /* SceneDelegate.swift */; };
		3F47EDB1273CA31300377BB1 /* HeadLinesViewController.swift in Sources */ = {isa = PBXBuildFile; fileRef = 3F47EDB0273CA31300377BB1 /* HeadLinesViewController.swift */; };
		3F47EDB4273CA31300377BB1 /* Main.storyboard in Resources */ = {isa = PBXBuildFile; fileRef = 3F47EDB2273CA31300377BB1 /* Main.storyboard */; };
		3F47EDB6273CA31B00377BB1 /* Assets.xcassets in Resources */ = {isa = PBXBuildFile; fileRef = 3F47EDB5273CA31B00377BB1 /* Assets.xcassets */; };
		3F47EDB9273CA31B00377BB1 /* LaunchScreen.storyboard in Resources */ = {isa = PBXBuildFile; fileRef = 3F47EDB7273CA31B00377BB1 /* LaunchScreen.storyboard */; };
		3F47EDC1273CABE500377BB1 /* HeadlineViewController.swift in Sources */ = {isa = PBXBuildFile; fileRef = 3F47EDC0273CABE400377BB1 /* HeadlineViewController.swift */; };
		3F47EDC4273CAE3C00377BB1 /* HeadlineTableViewCell.swift in Sources */ = {isa = PBXBuildFile; fileRef = 3F47EDC2273CAE3C00377BB1 /* HeadlineTableViewCell.swift */; };
		3F47EDC5273CAE3C00377BB1 /* HeadlineTableViewCell.xib in Resources */ = {isa = PBXBuildFile; fileRef = 3F47EDC3273CAE3C00377BB1 /* HeadlineTableViewCell.xib */; };
		3FB26DD7274D659400FE9FFD /* Article.swift in Sources */ = {isa = PBXBuildFile; fileRef = 3FB26DD6274D659400FE9FFD /* Article.swift */; };
		3FB26DD9274D65D400FE9FFD /* SourceModel.swift in Sources */ = {isa = PBXBuildFile; fileRef = 3FB26DD8274D65D400FE9FFD /* SourceModel.swift */; };
		3FB26DDB274D65ED00FE9FFD /* Articles.swift in Sources */ = {isa = PBXBuildFile; fileRef = 3FB26DDA274D65ED00FE9FFD /* Articles.swift */; };
		3FB26DDE274D699300FE9FFD /* ApiService.swift in Sources */ = {isa = PBXBuildFile; fileRef = 3FB26DDD274D699300FE9FFD /* ApiService.swift */; };
		3FB26DE0274D6B3C00FE9FFD /* API_Strings.swift in Sources */ = {isa = PBXBuildFile; fileRef = 3FB26DDF274D6B3C00FE9FFD /* API_Strings.swift */; };
/* End PBXBuildFile section */

/* Begin PBXFileReference section */
		3F1F7164273D84AE009CE356 /* TrendingViewController.swift */ = {isa = PBXFileReference; lastKnownFileType = sourcecode.swift; path = TrendingViewController.swift; sourceTree = "<group>"; };
		3F1F7166273D8515009CE356 /* TrendingTopicCollectionViewCell.swift */ = {isa = PBXFileReference; lastKnownFileType = sourcecode.swift; path = TrendingTopicCollectionViewCell.swift; sourceTree = "<group>"; };
		3F1F7167273D8515009CE356 /* TrendingTopicCollectionViewCell.xib */ = {isa = PBXFileReference; lastKnownFileType = file.xib; path = TrendingTopicCollectionViewCell.xib; sourceTree = "<group>"; };
		3F20FBE32751818400B106C5 /* CountryViewController.swift */ = {isa = PBXFileReference; lastKnownFileType = sourcecode.swift; path = CountryViewController.swift; sourceTree = "<group>"; };
		3F20FBE5275195FA00B106C5 /* countryISO.swift */ = {isa = PBXFileReference; lastKnownFileType = sourcecode.swift; path = countryISO.swift; sourceTree = "<group>"; };
		3F47EDA9273CA31300377BB1 /* NewsApp.app */ = {isa = PBXFileReference; explicitFileType = wrapper.application; includeInIndex = 0; path = NewsApp.app; sourceTree = BUILT_PRODUCTS_DIR; };
		3F47EDAC273CA31300377BB1 /* AppDelegate.swift */ = {isa = PBXFileReference; lastKnownFileType = sourcecode.swift; path = AppDelegate.swift; sourceTree = "<group>"; };
		3F47EDAE273CA31300377BB1 /* SceneDelegate.swift */ = {isa = PBXFileReference; lastKnownFileType = sourcecode.swift; path = SceneDelegate.swift; sourceTree = "<group>"; };
		3F47EDB0273CA31300377BB1 /* HeadLinesViewController.swift */ = {isa = PBXFileReference; lastKnownFileType = sourcecode.swift; path = HeadLinesViewController.swift; sourceTree = "<group>"; };
		3F47EDB3273CA31300377BB1 /* Base */ = {isa = PBXFileReference; lastKnownFileType = file.storyboard; name = Base; path = Base.lproj/Main.storyboard; sourceTree = "<group>"; };
		3F47EDB5273CA31B00377BB1 /* Assets.xcassets */ = {isa = PBXFileReference; lastKnownFileType = folder.assetcatalog; path = Assets.xcassets; sourceTree = "<group>"; };
		3F47EDB8273CA31B00377BB1 /* Base */ = {isa = PBXFileReference; lastKnownFileType = file.storyboard; name = Base; path = Base.lproj/LaunchScreen.storyboard; sourceTree = "<group>"; };
		3F47EDBA273CA31B00377BB1 /* Info.plist */ = {isa = PBXFileReference; lastKnownFileType = text.plist.xml; path = Info.plist; sourceTree = "<group>"; };
		3F47EDC0273CABE400377BB1 /* HeadlineViewController.swift */ = {isa = PBXFileReference; lastKnownFileType = sourcecode.swift; path = HeadlineViewController.swift; sourceTree = "<group>"; };
		3F47EDC2273CAE3C00377BB1 /* HeadlineTableViewCell.swift */ = {isa = PBXFileReference; lastKnownFileType = sourcecode.swift; path = HeadlineTableViewCell.swift; sourceTree = "<group>"; };
		3F47EDC3273CAE3C00377BB1 /* HeadlineTableViewCell.xib */ = {isa = PBXFileReference; lastKnownFileType = file.xib; path = HeadlineTableViewCell.xib; sourceTree = "<group>"; };
		3FB26DD6274D659400FE9FFD /* Article.swift */ = {isa = PBXFileReference; lastKnownFileType = sourcecode.swift; path = Article.swift; sourceTree = "<group>"; };
		3FB26DD8274D65D400FE9FFD /* SourceModel.swift */ = {isa = PBXFileReference; lastKnownFileType = sourcecode.swift; path = SourceModel.swift; sourceTree = "<group>"; };
		3FB26DDA274D65ED00FE9FFD /* Articles.swift */ = {isa = PBXFileReference; lastKnownFileType = sourcecode.swift; path = Articles.swift; sourceTree = "<group>"; };
		3FB26DDD274D699300FE9FFD /* ApiService.swift */ = {isa = PBXFileReference; lastKnownFileType = sourcecode.swift; path = ApiService.swift; sourceTree = "<group>"; };
		3FB26DDF274D6B3C00FE9FFD /* API_Strings.swift */ = {isa = PBXFileReference; lastKnownFileType = sourcecode.swift; path = API_Strings.swift; sourceTree = "<group>"; };
/* End PBXFileReference section */

/* Begin PBXFrameworksBuildPhase section */
		3F47EDA6273CA31300377BB1 /* Frameworks */ = {
			isa = PBXFrameworksBuildPhase;
			buildActionMask = 2147483647;
			files = (
				3F20FBE92751A0C800B106C5 /* IsoCountryCodes in Frameworks */,
			);
			runOnlyForDeploymentPostprocessing = 0;
		};
/* End PBXFrameworksBuildPhase section */

/* Begin PBXGroup section */
		3F1F7163273D848B009CE356 /* Trending */ = {
			isa = PBXGroup;
			children = (
				3F1F7164273D84AE009CE356 /* TrendingViewController.swift */,
				3F1F7166273D8515009CE356 /* TrendingTopicCollectionViewCell.swift */,
				3F1F7167273D8515009CE356 /* TrendingTopicCollectionViewCell.xib */,
			);
			path = Trending;
			sourceTree = "<group>";
		};
		3F47EDA0273CA31300377BB1 = {
			isa = PBXGroup;
			children = (
				3F47EDAB273CA31300377BB1 /* NewsApp */,
				3F47EDAA273CA31300377BB1 /* Products */,
			);
			sourceTree = "<group>";
		};
		3F47EDAA273CA31300377BB1 /* Products */ = {
			isa = PBXGroup;
			children = (
				3F47EDA9273CA31300377BB1 /* NewsApp.app */,
			);
			name = Products;
			sourceTree = "<group>";
		};
		3F47EDAB273CA31300377BB1 /* NewsApp */ = {
			isa = PBXGroup;
			children = (
				3F74D92D2751554B00AB59E0 /* Country */,
				3FB26DDC274D669800FE9FFD /* Utils */,
				3FB26DD5274D655B00FE9FFD /* Models */,
				3F1F7163273D848B009CE356 /* Trending */,
				3F47EDAC273CA31300377BB1 /* AppDelegate.swift */,
				3F47EDAE273CA31300377BB1 /* SceneDelegate.swift */,
				3F47EDB0273CA31300377BB1 /* HeadLinesViewController.swift */,
				3F47EDC0273CABE400377BB1 /* HeadlineViewController.swift */,
				3F47EDC2273CAE3C00377BB1 /* HeadlineTableViewCell.swift */,
				3F47EDC3273CAE3C00377BB1 /* HeadlineTableViewCell.xib */,
				3F47EDB2273CA31300377BB1 /* Main.storyboard */,
				3F47EDB5273CA31B00377BB1 /* Assets.xcassets */,
				3F47EDB7273CA31B00377BB1 /* LaunchScreen.storyboard */,
				3F47EDBA273CA31B00377BB1 /* Info.plist */,
			);
			path = NewsApp;
			sourceTree = "<group>";
		};
		3F74D92D2751554B00AB59E0 /* Country */ = {
			isa = PBXGroup;
			children = (
				3F20FBE32751818400B106C5 /* CountryViewController.swift */,
			);
			path = Country;
			sourceTree = "<group>";
		};
		3FB26DD5274D655B00FE9FFD /* Models */ = {
			isa = PBXGroup;
			children = (
				3FB26DD6274D659400FE9FFD /* Article.swift */,
				3FB26DD8274D65D400FE9FFD /* SourceModel.swift */,
				3FB26DDA274D65ED00FE9FFD /* Articles.swift */,
			);
			path = Models;
			sourceTree = "<group>";
		};
		3FB26DDC274D669800FE9FFD /* Utils */ = {
			isa = PBXGroup;
			children = (
				3FB26DDD274D699300FE9FFD /* ApiService.swift */,
				3FB26DDF274D6B3C00FE9FFD /* API_Strings.swift */,
				3F20FBE5275195FA00B106C5 /* countryISO.swift */,
			);
			path = Utils;
			sourceTree = "<group>";
		};
/* End PBXGroup section */

/* Begin PBXNativeTarget section */
		3F47EDA8273CA31300377BB1 /* NewsApp */ = {
			isa = PBXNativeTarget;
			buildConfigurationList = 3F47EDBD273CA31B00377BB1 /* Build configuration list for PBXNativeTarget "NewsApp" */;
			buildPhases = (
				3F47EDA5273CA31300377BB1 /* Sources */,
				3F47EDA6273CA31300377BB1 /* Frameworks */,
				3F47EDA7273CA31300377BB1 /* Resources */,
			);
			buildRules = (
			);
			dependencies = (
			);
			name = NewsApp;
			packageProductDependencies = (
				3F20FBE82751A0C800B106C5 /* IsoCountryCodes */,
			);
			productName = NewsApp;
			productReference = 3F47EDA9273CA31300377BB1 /* NewsApp.app */;
			productType = "com.apple.product-type.application";
		};
/* End PBXNativeTarget section */

/* Begin PBXProject section */
		3F47EDA1273CA31300377BB1 /* Project object */ = {
			isa = PBXProject;
			attributes = {
				BuildIndependentTargetsInParallel = 1;
				LastSwiftUpdateCheck = 1310;
				LastUpgradeCheck = 1310;
				TargetAttributes = {
					3F47EDA8273CA31300377BB1 = {
						CreatedOnToolsVersion = 13.1;
					};
				};
			};
			buildConfigurationList = 3F47EDA4273CA31300377BB1 /* Build configuration list for PBXProject "NewsApp" */;
			compatibilityVersion = "Xcode 12.0";
			developmentRegion = en;
			hasScannedForEncodings = 0;
			knownRegions = (
				en,
				Base,
			);
			mainGroup = 3F47EDA0273CA31300377BB1;
			packageReferences = (
				3F20FBE72751A0C800B106C5 /* XCRemoteSwiftPackageReference "IsoCountryCodes" */,
			);
			productRefGroup = 3F47EDAA273CA31300377BB1 /* Products */;
			projectDirPath = "";
			projectRoot = "";
			targets = (
				3F47EDA8273CA31300377BB1 /* NewsApp */,
			);
		};
/* End PBXProject section */

/* Begin PBXResourcesBuildPhase section */
		3F47EDA7273CA31300377BB1 /* Resources */ = {
			isa = PBXResourcesBuildPhase;
			buildActionMask = 2147483647;
			files = (
				3F47EDB9273CA31B00377BB1 /* LaunchScreen.storyboard in Resources */,
				3F47EDB6273CA31B00377BB1 /* Assets.xcassets in Resources */,
				3F47EDB4273CA31300377BB1 /* Main.storyboard in Resources */,
				3F1F7169273D8515009CE356 /* TrendingTopicCollectionViewCell.xib in Resources */,
				3F47EDC5273CAE3C00377BB1 /* HeadlineTableViewCell.xib in Resources */,
			);
			runOnlyForDeploymentPostprocessing = 0;
		};
/* End PBXResourcesBuildPhase section */

/* Begin PBXSourcesBuildPhase section */
		3F47EDA5273CA31300377BB1 /* Sources */ = {
			isa = PBXSourcesBuildPhase;
			buildActionMask = 2147483647;
			files = (
				3F47EDC1273CABE500377BB1 /* HeadlineViewController.swift in Sources */,
				3FB26DD7274D659400FE9FFD /* Article.swift in Sources */,
				3F1F7168273D8515009CE356 /* TrendingTopicCollectionViewCell.swift in Sources */,
				3F47EDC4273CAE3C00377BB1 /* HeadlineTableViewCell.swift in Sources */,
				3F20FBE6275195FA00B106C5 /* countryISO.swift in Sources */,
				3F47EDB1273CA31300377BB1 /* HeadLinesViewController.swift in Sources */,
				3F47EDAD273CA31300377BB1 /* AppDelegate.swift in Sources */,
				3FB26DDE274D699300FE9FFD /* ApiService.swift in Sources */,
				3FB26DDB274D65ED00FE9FFD /* Articles.swift in Sources */,
				3F47EDAF273CA31300377BB1 /* SceneDelegate.swift in Sources */,
				3FB26DD9274D65D400FE9FFD /* SourceModel.swift in Sources */,
				3F1F7165273D84AE009CE356 /* TrendingViewController.swift in Sources */,
				3FB26DE0274D6B3C00FE9FFD /* API_Strings.swift in Sources */,
				3F20FBE42751818400B106C5 /* CountryViewController.swift in Sources */,
			);
			runOnlyForDeploymentPostprocessing = 0;
		};
/* End PBXSourcesBuildPhase section */

/* Begin PBXVariantGroup section */
		3F47EDB2273CA31300377BB1 /* Main.storyboard */ = {
			isa = PBXVariantGroup;
			children = (
				3F47EDB3273CA31300377BB1 /* Base */,
			);
			name = Main.storyboard;
			sourceTree = "<group>";
		};
		3F47EDB7273CA31B00377BB1 /* LaunchScreen.storyboard */ = {
			isa = PBXVariantGroup;
			children = (
				3F47EDB8273CA31B00377BB1 /* Base */,
			);
			name = LaunchScreen.storyboard;
			sourceTree = "<group>";
		};
/* End PBXVariantGroup section */

/* Begin XCBuildConfiguration section */
		3F47EDBB273CA31B00377BB1 /* Debug */ = {
			isa = XCBuildConfiguration;
			buildSettings = {
				ALWAYS_SEARCH_USER_PATHS = NO;
				CLANG_ANALYZER_NONNULL = YES;
				CLANG_ANALYZER_NUMBER_OBJECT_CONVERSION = YES_AGGRESSIVE;
				CLANG_CXX_LANGUAGE_STANDARD = "gnu++17";
				CLANG_CXX_LIBRARY = "libc++";
				CLANG_ENABLE_MODULES = YES;
				CLANG_ENABLE_OBJC_ARC = YES;
				CLANG_ENABLE_OBJC_WEAK = YES;
				CLANG_WARN_BLOCK_CAPTURE_AUTORELEASING = YES;
				CLANG_WARN_BOOL_CONVERSION = YES;
				CLANG_WARN_COMMA = YES;
				CLANG_WARN_CONSTANT_CONVERSION = YES;
				CLANG_WARN_DEPRECATED_OBJC_IMPLEMENTATIONS = YES;
				CLANG_WARN_DIRECT_OBJC_ISA_USAGE = YES_ERROR;
				CLANG_WARN_DOCUMENTATION_COMMENTS = YES;
				CLANG_WARN_EMPTY_BODY = YES;
				CLANG_WARN_ENUM_CONVERSION = YES;
				CLANG_WARN_INFINITE_RECURSION = YES;
				CLANG_WARN_INT_CONVERSION = YES;
				CLANG_WARN_NON_LITERAL_NULL_CONVERSION = YES;
				CLANG_WARN_OBJC_IMPLICIT_RETAIN_SELF = YES;
				CLANG_WARN_OBJC_LITERAL_CONVERSION = YES;
				CLANG_WARN_OBJC_ROOT_CLASS = YES_ERROR;
				CLANG_WARN_QUOTED_INCLUDE_IN_FRAMEWORK_HEADER = YES;
				CLANG_WARN_RANGE_LOOP_ANALYSIS = YES;
				CLANG_WARN_STRICT_PROTOTYPES = YES;
				CLANG_WARN_SUSPICIOUS_MOVE = YES;
				CLANG_WARN_UNGUARDED_AVAILABILITY = YES_AGGRESSIVE;
				CLANG_WARN_UNREACHABLE_CODE = YES;
				CLANG_WARN__DUPLICATE_METHOD_MATCH = YES;
				COPY_PHASE_STRIP = NO;
				DEBUG_INFORMATION_FORMAT = dwarf;
				ENABLE_STRICT_OBJC_MSGSEND = YES;
				ENABLE_TESTABILITY = YES;
				GCC_C_LANGUAGE_STANDARD = gnu11;
				GCC_DYNAMIC_NO_PIC = NO;
				GCC_NO_COMMON_BLOCKS = YES;
				GCC_OPTIMIZATION_LEVEL = 0;
				GCC_PREPROCESSOR_DEFINITIONS = (
					"DEBUG=1",
					"$(inherited)",
				);
				GCC_WARN_64_TO_32_BIT_CONVERSION = YES;
				GCC_WARN_ABOUT_RETURN_TYPE = YES_ERROR;
				GCC_WARN_UNDECLARED_SELECTOR = YES;
				GCC_WARN_UNINITIALIZED_AUTOS = YES_AGGRESSIVE;
				GCC_WARN_UNUSED_FUNCTION = YES;
				GCC_WARN_UNUSED_VARIABLE = YES;
				IPHONEOS_DEPLOYMENT_TARGET = 15.0;
				MTL_ENABLE_DEBUG_INFO = INCLUDE_SOURCE;
				MTL_FAST_MATH = YES;
				ONLY_ACTIVE_ARCH = YES;
				SDKROOT = iphoneos;
				SWIFT_ACTIVE_COMPILATION_CONDITIONS = DEBUG;
				SWIFT_OPTIMIZATION_LEVEL = "-Onone";
			};
			name = Debug;
		};
		3F47EDBC273CA31B00377BB1 /* Release */ = {
			isa = XCBuildConfiguration;
			buildSettings = {
				ALWAYS_SEARCH_USER_PATHS = NO;
				CLANG_ANALYZER_NONNULL = YES;
				CLANG_ANALYZER_NUMBER_OBJECT_CONVERSION = YES_AGGRESSIVE;
				CLANG_CXX_LANGUAGE_STANDARD = "gnu++17";
				CLANG_CXX_LIBRARY = "libc++";
				CLANG_ENABLE_MODULES = YES;
				CLANG_ENABLE_OBJC_ARC = YES;
				CLANG_ENABLE_OBJC_WEAK = YES;
				CLANG_WARN_BLOCK_CAPTURE_AUTORELEASING = YES;
				CLANG_WARN_BOOL_CONVERSION = YES;
				CLANG_WARN_COMMA = YES;
				CLANG_WARN_CONSTANT_CONVERSION = YES;
				CLANG_WARN_DEPRECATED_OBJC_IMPLEMENTATIONS = YES;
				CLANG_WARN_DIRECT_OBJC_ISA_USAGE = YES_ERROR;
				CLANG_WARN_DOCUMENTATION_COMMENTS = YES;
				CLANG_WARN_EMPTY_BODY = YES;
				CLANG_WARN_ENUM_CONVERSION = YES;
				CLANG_WARN_INFINITE_RECURSION = YES;
				CLANG_WARN_INT_CONVERSION = YES;
				CLANG_WARN_NON_LITERAL_NULL_CONVERSION = YES;
				CLANG_WARN_OBJC_IMPLICIT_RETAIN_SELF = YES;
				CLANG_WARN_OBJC_LITERAL_CONVERSION = YES;
				CLANG_WARN_OBJC_ROOT_CLASS = YES_ERROR;
				CLANG_WARN_QUOTED_INCLUDE_IN_FRAMEWORK_HEADER = YES;
				CLANG_WARN_RANGE_LOOP_ANALYSIS = YES;
				CLANG_WARN_STRICT_PROTOTYPES = YES;
				CLANG_WARN_SUSPICIOUS_MOVE = YES;
				CLANG_WARN_UNGUARDED_AVAILABILITY = YES_AGGRESSIVE;
				CLANG_WARN_UNREACHABLE_CODE = YES;
				CLANG_WARN__DUPLICATE_METHOD_MATCH = YES;
				COPY_PHASE_STRIP = NO;
				DEBUG_INFORMATION_FORMAT = "dwarf-with-dsym";
				ENABLE_NS_ASSERTIONS = NO;
				ENABLE_STRICT_OBJC_MSGSEND = YES;
				GCC_C_LANGUAGE_STANDARD = gnu11;
				GCC_NO_COMMON_BLOCKS = YES;
				GCC_WARN_64_TO_32_BIT_CONVERSION = YES;
				GCC_WARN_ABOUT_RETURN_TYPE = YES_ERROR;
				GCC_WARN_UNDECLARED_SELECTOR = YES;
				GCC_WARN_UNINITIALIZED_AUTOS = YES_AGGRESSIVE;
				GCC_WARN_UNUSED_FUNCTION = YES;
				GCC_WARN_UNUSED_VARIABLE = YES;
				IPHONEOS_DEPLOYMENT_TARGET = 15.0;
				MTL_ENABLE_DEBUG_INFO = NO;
				MTL_FAST_MATH = YES;
				SDKROOT = iphoneos;
				SWIFT_COMPILATION_MODE = wholemodule;
				SWIFT_OPTIMIZATION_LEVEL = "-O";
				VALIDATE_PRODUCT = YES;
			};
			name = Release;
		};
		3F47EDBE273CA31B00377BB1 /* Debug */ = {
			isa = XCBuildConfiguration;
			buildSettings = {
				ASSETCATALOG_COMPILER_APPICON_NAME = AppIcon;
				ASSETCATALOG_COMPILER_GLOBAL_ACCENT_COLOR_NAME = AccentColor;
				CODE_SIGN_STYLE = Automatic;
				CURRENT_PROJECT_VERSION = 1;
				DEVELOPMENT_TEAM = 22YPRY7L6W;
				GENERATE_INFOPLIST_FILE = YES;
				INFOPLIST_FILE = NewsApp/Info.plist;
				INFOPLIST_KEY_UIApplicationSupportsIndirectInputEvents = YES;
				INFOPLIST_KEY_UILaunchStoryboardName = LaunchScreen;
				INFOPLIST_KEY_UIMainStoryboardFile = Main;
				INFOPLIST_KEY_UISupportedInterfaceOrientations_iPad = "UIInterfaceOrientationPortrait UIInterfaceOrientationPortraitUpsideDown UIInterfaceOrientationLandscapeLeft UIInterfaceOrientationLandscapeRight";
				INFOPLIST_KEY_UISupportedInterfaceOrientations_iPhone = "UIInterfaceOrientationPortrait UIInterfaceOrientationLandscapeLeft UIInterfaceOrientationLandscapeRight";
				IPHONEOS_DEPLOYMENT_TARGET = 13.6;
				LD_RUNPATH_SEARCH_PATHS = (
					"$(inherited)",
					"@executable_path/Frameworks",
				);
				MARKETING_VERSION = 1.0;
				PRODUCT_BUNDLE_IDENTIFIER = NWMSU.NewsApp;
				PRODUCT_NAME = "$(TARGET_NAME)";
				SWIFT_EMIT_LOC_STRINGS = YES;
				SWIFT_VERSION = 5.0;
				TARGETED_DEVICE_FAMILY = "1,2";
			};
			name = Debug;
		};
		3F47EDBF273CA31B00377BB1 /* Release */ = {
			isa = XCBuildConfiguration;
			buildSettings = {
				ASSETCATALOG_COMPILER_APPICON_NAME = AppIcon;
				ASSETCATALOG_COMPILER_GLOBAL_ACCENT_COLOR_NAME = AccentColor;
				CODE_SIGN_STYLE = Automatic;
				CURRENT_PROJECT_VERSION = 1;
				DEVELOPMENT_TEAM = 22YPRY7L6W;
				GENERATE_INFOPLIST_FILE = YES;
				INFOPLIST_FILE = NewsApp/Info.plist;
				INFOPLIST_KEY_UIApplicationSupportsIndirectInputEvents = YES;
				INFOPLIST_KEY_UILaunchStoryboardName = LaunchScreen;
				INFOPLIST_KEY_UIMainStoryboardFile = Main;
				INFOPLIST_KEY_UISupportedInterfaceOrientations_iPad = "UIInterfaceOrientationPortrait UIInterfaceOrientationPortraitUpsideDown UIInterfaceOrientationLandscapeLeft UIInterfaceOrientationLandscapeRight";
				INFOPLIST_KEY_UISupportedInterfaceOrientations_iPhone = "UIInterfaceOrientationPortrait UIInterfaceOrientationLandscapeLeft UIInterfaceOrientationLandscapeRight";
				IPHONEOS_DEPLOYMENT_TARGET = 13.6;
				LD_RUNPATH_SEARCH_PATHS = (
					"$(inherited)",
					"@executable_path/Frameworks",
				);
				MARKETING_VERSION = 1.0;
				PRODUCT_BUNDLE_IDENTIFIER = NWMSU.NewsApp;
				PRODUCT_NAME = "$(TARGET_NAME)";
				SWIFT_EMIT_LOC_STRINGS = YES;
				SWIFT_VERSION = 5.0;
				TARGETED_DEVICE_FAMILY = "1,2";
			};
			name = Release;
		};
/* End XCBuildConfiguration section */

/* Begin XCConfigurationList section */
		3F47EDA4273CA31300377BB1 /* Build configuration list for PBXProject "NewsApp" */ = {
			isa = XCConfigurationList;
			buildConfigurations = (
				3F47EDBB273CA31B00377BB1 /* Debug */,
				3F47EDBC273CA31B00377BB1 /* Release */,
			);
			defaultConfigurationIsVisible = 0;
			defaultConfigurationName = Release;
		};
		3F47EDBD273CA31B00377BB1 /* Build configuration list for PBXNativeTarget "NewsApp" */ = {
			isa = XCConfigurationList;
			buildConfigurations = (
				3F47EDBE273CA31B00377BB1 /* Debug */,
				3F47EDBF273CA31B00377BB1 /* Release */,
			);
			defaultConfigurationIsVisible = 0;
			defaultConfigurationName = Release;
		};
/* End XCConfigurationList section */

/* Begin XCRemoteSwiftPackageReference section */
		3F20FBE72751A0C800B106C5 /* XCRemoteSwiftPackageReference "IsoCountryCodes" */ = {
			isa = XCRemoteSwiftPackageReference;
			repositoryURL = "https://github.com/funky-monkey/IsoCountryCodes.git";
			requirement = {
				kind = upToNextMajorVersion;
				minimumVersion = 1.0.0;
			};
		};
/* End XCRemoteSwiftPackageReference section */

/* Begin XCSwiftPackageProductDependency section */
		3F20FBE82751A0C800B106C5 /* IsoCountryCodes */ = {
			isa = XCSwiftPackageProductDependency;
			package = 3F20FBE72751A0C800B106C5 /* XCRemoteSwiftPackageReference "IsoCountryCodes" */;
			productName = IsoCountryCodes;
		};
/* End XCSwiftPackageProductDependency section */
	};
	rootObject = 3F47EDA1273CA31300377BB1 /* Project object */;
}
